
Microsoft Visual Studio Solution File, Format Version 11.00
# Visual Studio 2010
Project("{FAE04EC0-301F-11D3-BF4B-00C04F79EFBC}") = "Flappy Drago v2 FINAL", "Assembly-CSharp.csproj", "{F044E0A0-66A6-D33D-1AE0-FCA6ECD2F1A6}"
EndProject
Project("{FAE04EC0-301F-11D3-BF4B-00C04F79EFBC}") = "Flappy Drago v2 FINAL", "Assembly-CSharp-Editor.csproj", "{B7EE7E2D-7335-42C8-99FF-C7B7ABCB8CF4}"
EndProject
Global
	GlobalSection(SolutionConfigurationPlatforms) = preSolution
		Debug|Any CPU = Debug|Any CPU
		Release|Any CPU = Release|Any CPU
	EndGlobalSection
	GlobalSection(ProjectConfigurationPlatforms) = postSolution
		{F044E0A0-66A6-D33D-1AE0-FCA6ECD2F1A6}.Debug|Any CPU.ActiveCfg = Debug|Any CPU
		{F044E0A0-66A6-D33D-1AE0-FCA6ECD2F1A6}.Debug|Any CPU.Build.0 = Debug|Any CPU
		{F044E0A0-66A6-D33D-1AE0-FCA6ECD2F1A6}.Release|Any CPU.ActiveCfg = Release|Any CPU
		{F044E0A0-66A6-D33D-1AE0-FCA6ECD2F1A6}.Release|Any CPU.Build.0 = Release|Any CPU
		{B7EE7E2D-7335-42C8-99FF-C7B7ABCB8CF4}.Debug|Any CPU.ActiveCfg = Debug|Any CPU
		{B7EE7E2D-7335-42C8-99FF-C7B7ABCB8CF4}.Debug|Any CPU.Build.0 = Debug|Any CPU
		{B7EE7E2D-7335-42C8-99FF-C7B7ABCB8CF4}.Release|Any CPU.ActiveCfg = Release|Any CPU
		{B7EE7E2D-7335-42C8-99FF-C7B7ABCB8CF4}.Release|Any CPU.Build.0 = Release|Any CPU
	EndGlobalSection
	GlobalSection(SolutionProperties) = preSolution
		HideSolutionNode = FALSE
	EndGlobalSection
	GlobalSection(MonoDevelopProperties) = preSolution
		StartupItem = Assembly-CSharp.csproj
	EndGlobalSection
EndGlobal
